
Microsoft Visual Studio Solution File, Format Version 12.00
# Visual Studio Version 16
VisualStudioVersion = 16.0.29009.5
MinimumVisualStudioVersion = 10.0.40219.1
Project("{9A19103F-16F7-4668-BE54-9A1E7A4F7556}") = "DreamDns", "DreamDns\DreamDns.csproj", "{C9A2E4EF-5E2F-45D9-A3C5-1C62D5374F6F}"
EndProject
Project("{FAE04EC0-301F-11D3-BF4B-00C04F79EFBC}") = "DreamhostAPI", "DreamHostApi\DreamhostAPI.csproj", "{04C096AC-729F-48A3-AB18-3AB42F932523}"
EndProject
Global
	GlobalSection(SolutionConfigurationPlatforms) = preSolution
		Debug|Any CPU = Debug|Any CPU
		Release|Any CPU = Release|Any CPU
	EndGlobalSection
	GlobalSection(ProjectConfigurationPlatforms) = postSolution
		{C9A2E4EF-5E2F-45D9-A3C5-1C62D5374F6F}.Debug|Any CPU.ActiveCfg = Debug|Any CPU
		{C9A2E4EF-5E2F-45D9-A3C5-1C62D5374F6F}.Debug|Any CPU.Build.0 = Debug|Any CPU
		{C9A2E4EF-5E2F-45D9-A3C5-1C62D5374F6F}.Release|Any CPU.ActiveCfg = Release|Any CPU
		{C9A2E4EF-5E2F-45D9-A3C5-1C62D5374F6F}.Release|Any CPU.Build.0 = Release|Any CPU
		{04C096AC-729F-48A3-AB18-3AB42F932523}.Debug|Any CPU.ActiveCfg = Debug|Any CPU
		{04C096AC-729F-48A3-AB18-3AB42F932523}.Debug|Any CPU.Build.0 = Debug|Any CPU
		{04C096AC-729F-48A3-AB18-3AB42F932523}.Release|Any CPU.ActiveCfg = Release|Any CPU
		{04C096AC-729F-48A3-AB18-3AB42F932523}.Release|Any CPU.Build.0 = Release|Any CPU
	EndGlobalSection
	GlobalSection(SolutionProperties) = preSolution
		HideSolutionNode = FALSE
	EndGlobalSection
	GlobalSection(ExtensibilityGlobals) = postSolution
		SolutionGuid = {F18410F4-9725-4311-835C-FD706C477AD2}
	EndGlobalSection
EndGlobal
